
Microsoft Visual Studio Solution File, Format Version 12.00
# Visual Studio Version 16
VisualStudioVersion = 16.0.31129.286
MinimumVisualStudioVersion = 10.0.40219.1
Project("{888888A0-9F3D-457C-B088-3A5042F75D52}") = "ImageClassification_RealNumbers", "ImageClassification_RealNumbers\ImageClassification_RealNumbers.pyproj", "{EA83F6CF-C9D4-4A5D-B677-4EE04B1ED243}"
EndProject
Global
	GlobalSection(SolutionConfigurationPlatforms) = preSolution
		Debug|Any CPU = Debug|Any CPU
		Release|Any CPU = Release|Any CPU
	EndGlobalSection
	GlobalSection(ProjectConfigurationPlatforms) = postSolution
		{EA83F6CF-C9D4-4A5D-B677-4EE04B1ED243}.Debug|Any CPU.ActiveCfg = Debug|Any CPU
		{EA83F6CF-C9D4-4A5D-B677-4EE04B1ED243}.Release|Any CPU.ActiveCfg = Release|Any CPU
	EndGlobalSection
	GlobalSection(SolutionProperties) = preSolution
		HideSolutionNode = FALSE
	EndGlobalSection
	GlobalSection(ExtensibilityGlobals) = postSolution
		SolutionGuid = {A11B3287-2929-4B4D-AA29-7D39B1BBA729}
	EndGlobalSection
EndGlobal
